
Microsoft Visual Studio Solution File, Format Version 12.00
# Visual Studio Version 16
VisualStudioVersion = 16.0.30907.101
MinimumVisualStudioVersion = 10.0.40219.1
Project("{FAE04EC0-301F-11D3-BF4B-00C04F79EFBC}") = "MathTest", "Math\MathTest.csproj", "{A34F30D2-70D2-4B2D-9729-B650E9410D36}"
EndProject
Global
	GlobalSection(SolutionConfigurationPlatforms) = preSolution
		Debug|Any CPU = Debug|Any CPU
		Release|Any CPU = Release|Any CPU
	EndGlobalSection
	GlobalSection(ProjectConfigurationPlatforms) = postSolution
		{A34F30D2-70D2-4B2D-9729-B650E9410D36}.Debug|Any CPU.ActiveCfg = Debug|Any CPU
		{A34F30D2-70D2-4B2D-9729-B650E9410D36}.Debug|Any CPU.Build.0 = Debug|Any CPU
		{A34F30D2-70D2-4B2D-9729-B650E9410D36}.Release|Any CPU.ActiveCfg = Release|Any CPU
		{A34F30D2-70D2-4B2D-9729-B650E9410D36}.Release|Any CPU.Build.0 = Release|Any CPU
	EndGlobalSection
	GlobalSection(SolutionProperties) = preSolution
		HideSolutionNode = FALSE
	EndGlobalSection
	GlobalSection(ExtensibilityGlobals) = postSolution
		SolutionGuid = {1CA9DC17-18C7-4663-9477-99D3DDC2BE0D}
	EndGlobalSection
EndGlobal
